
Microsoft Visual Studio Solution File, Format Version 12.00
# Visual Studio 14
VisualStudioVersion = 14.0.25420.1
MinimumVisualStudioVersion = 10.0.40219.1
Project("{2150E333-8FDC-42A3-9474-1A3956D46DE8}") = "src", "src", "{FB3658E3-6580-4AC7-8881-3834B51512E2}"
EndProject
Project("{2150E333-8FDC-42A3-9474-1A3956D46DE8}") = "Solution Items", "Solution Items", "{9DE270F7-0197-49A4-9B53-FA8800A2EDD1}"
	ProjectSection(SolutionItems) = preProject
		global.json = global.json
	EndProjectSection
EndProject
Project("{8BB2217D-0F2D-49D1-97BC-3654ED321F3B}") = "FutureStack.Core", "src\FutureStack.Core\FutureStack.Core.xproj", "{C06D2C88-ACD7-4085-90A1-31CA27ED5A39}"
EndProject
Project("{8BB2217D-0F2D-49D1-97BC-3654ED321F3B}") = "FutureStack.Api", "src\FutureStack.Api\FutureStack.Api.xproj", "{27874806-8D98-429B-914A-F51633CD35FE}"
EndProject
Project("{8BB2217D-0F2D-49D1-97BC-3654ED321F3B}") = "FutureStack.Persistence", "src\FutureStack.Persistence\FutureStack.Persistence.xproj", "{57F6802F-788E-4998-A7C5-F76EE117147F}"
EndProject
Global
	GlobalSection(SolutionConfigurationPlatforms) = preSolution
		Debug|Any CPU = Debug|Any CPU
		Release|Any CPU = Release|Any CPU
	EndGlobalSection
	GlobalSection(ProjectConfigurationPlatforms) = postSolution
		{C06D2C88-ACD7-4085-90A1-31CA27ED5A39}.Debug|Any CPU.ActiveCfg = Debug|Any CPU
		{C06D2C88-ACD7-4085-90A1-31CA27ED5A39}.Debug|Any CPU.Build.0 = Debug|Any CPU
		{C06D2C88-ACD7-4085-90A1-31CA27ED5A39}.Release|Any CPU.ActiveCfg = Release|Any CPU
		{C06D2C88-ACD7-4085-90A1-31CA27ED5A39}.Release|Any CPU.Build.0 = Release|Any CPU
		{27874806-8D98-429B-914A-F51633CD35FE}.Debug|Any CPU.ActiveCfg = Debug|Any CPU
		{27874806-8D98-429B-914A-F51633CD35FE}.Debug|Any CPU.Build.0 = Debug|Any CPU
		{27874806-8D98-429B-914A-F51633CD35FE}.Release|Any CPU.ActiveCfg = Release|Any CPU
		{27874806-8D98-429B-914A-F51633CD35FE}.Release|Any CPU.Build.0 = Release|Any CPU
		{57F6802F-788E-4998-A7C5-F76EE117147F}.Debug|Any CPU.ActiveCfg = Debug|Any CPU
		{57F6802F-788E-4998-A7C5-F76EE117147F}.Debug|Any CPU.Build.0 = Debug|Any CPU
		{57F6802F-788E-4998-A7C5-F76EE117147F}.Release|Any CPU.ActiveCfg = Release|Any CPU
		{57F6802F-788E-4998-A7C5-F76EE117147F}.Release|Any CPU.Build.0 = Release|Any CPU
	EndGlobalSection
	GlobalSection(SolutionProperties) = preSolution
		HideSolutionNode = FALSE
	EndGlobalSection
	GlobalSection(NestedProjects) = preSolution
		{C06D2C88-ACD7-4085-90A1-31CA27ED5A39} = {FB3658E3-6580-4AC7-8881-3834B51512E2}
		{27874806-8D98-429B-914A-F51633CD35FE} = {FB3658E3-6580-4AC7-8881-3834B51512E2}
		{57F6802F-788E-4998-A7C5-F76EE117147F} = {FB3658E3-6580-4AC7-8881-3834B51512E2}
	EndGlobalSection
EndGlobal
